{
  "name": "mdb-standard-app",
  "version": "6.2.0",
  "lockfileVersion": 2,
  "requires": true,
  "packages": {
    "": {
      "name": "mdb-standard-app",
      "version": "6.2.0",
      "license": "MIT",
      "dependencies": {
        "bootstrap": "^5.2.3",
        "primeng": "^13.4.2-lts"
      }
    },
    "node_modules/@angular/common": {
      "version": "13.4.0",
      "resolved": "https://registry.npmjs.org/@angular/common/-/common-13.4.0.tgz",
      "integrity": "sha512-DHbPqRaxW7GmnkxqZaaasgC5OaFTeTBrmr7MJUsqsSGePHWuJYWU4QS3Fn86zd/VESJgBGmq2aCDEUmzfjnRQA==",
      "peer": true,
      "dependencies": {
        "tslib": "^2.3.0"
      },
      "engines": {
        "node": "^12.20.0 || ^14.15.0 || >=16.10.0"
      },
      "peerDependencies": {
        "@angular/core": "13.4.0",
        "rxjs": "^6.5.3 || ^7.4.0"
      }
    },
    "node_modules/@angular/core": {
      "version": "13.4.0",
      "resolved": "https://registry.npmjs.org/@angular/core/-/core-13.4.0.tgz",
      "integrity": "sha512-RE9KL7pRj+3lkJjdSR2uKmqiG0gqjnoVCMbSLG93pWrmzNIhElmlkiDaK39aMHGl836dc68Usv9CEisyVnRqHQ==",
      "peer": true,
      "dependencies": {
        "tslib": "^2.3.0"
      },
      "engines": {
        "node": "^12.20.0 || ^14.15.0 || >=16.10.0"
      },
      "peerDependencies": {
        "rxjs": "^6.5.3 || ^7.4.0",
        "zone.js": "~0.11.4"
      }
    },
    "node_modules/@angular/forms": {
      "version": "13.4.0",
      "resolved": "https://registry.npmjs.org/@angular/forms/-/forms-13.4.0.tgz",
      "integrity": "sha512-vWd438sPlESLAv+cPFEZwF5aa8cF9Gt9zofLe3Ep9v9YIv2naVkv7pxCu0KFyvbBHAT7THbZfyypuvYsYNI3rw==",
      "peer": true,
      "dependencies": {
        "tslib": "^2.3.0"
      },
      "engines": {
        "node": "^12.20.0 || ^14.15.0 || >=16.10.0"
      },
      "peerDependencies": {
        "@angular/common": "13.4.0",
        "@angular/core": "13.4.0",
        "@angular/platform-browser": "13.4.0",
        "rxjs": "^6.5.3 || ^7.4.0"
      }
    },
    "node_modules/@angular/platform-browser": {
      "version": "13.4.0",
      "resolved": "https://registry.npmjs.org/@angular/platform-browser/-/platform-browser-13.4.0.tgz",
      "integrity": "sha512-kq4TpdkSS0Z/7ToFzWhyBbh4Ai1uOKFVdL9/TAm19dLnYNIInrN3KYW6GRxZ+pkJJA9Vkq4NtgcxysQ42VFotA==",
      "peer": true,
      "dependencies": {
        "tslib": "^2.3.0"
      },
      "engines": {
        "node": "^12.20.0 || ^14.15.0 || >=16.10.0"
      },
      "peerDependencies": {
        "@angular/animations": "13.4.0",
        "@angular/common": "13.4.0",
        "@angular/core": "13.4.0"
      },
      "peerDependenciesMeta": {
        "@angular/animations": {
          "optional": true
        }
      }
    },
    "node_modules/@popperjs/core": {
      "version": "2.11.7",
      "resolved": "https://registry.npmjs.org/@popperjs/core/-/core-2.11.7.tgz",
      "integrity": "sha512-Cr4OjIkipTtcXKjAsm8agyleBuDHvxzeBoa1v543lbv1YaIwQjESsVcmjiWiPEbC1FIeHOG/Op9kdCmAmiS3Kw==",
      "peer": true,
      "funding": {
        "type": "opencollective",
        "url": "https://opencollective.com/popperjs"
      }
    },
    "node_modules/bootstrap": {
      "version": "5.2.3",
      "resolved": "https://registry.npmjs.org/bootstrap/-/bootstrap-5.2.3.tgz",
      "integrity": "sha512-cEKPM+fwb3cT8NzQZYEu4HilJ3anCrWqh3CHAok1p9jXqMPsPTBhU25fBckEJHJ/p+tTxTFTsFQGM+gaHpi3QQ==",
      "funding": [
        {
          "type": "github",
          "url": "https://github.com/sponsors/twbs"
        },
        {
          "type": "opencollective",
          "url": "https://opencollective.com/bootstrap"
        }
      ],
      "peerDependencies": {
        "@popperjs/core": "^2.11.6"
      }
    },
    "node_modules/primeicons": {
      "version": "5.0.0",
      "resolved": "https://registry.npmjs.org/primeicons/-/primeicons-5.0.0.tgz",
      "integrity": "sha512-heygWF0X5HFI1otlZE62pp6ye7sZ8om78J9au2BRkg8O7Y8AHTZ9qKMRzchZUHLe8zUAvdi6hZzzm9XxgwIExw==",
      "peer": true
    },
    "node_modules/primeng": {
      "version": "13.4.2-lts",
      "resolved": "https://registry.npmjs.org/primeng/-/primeng-13.4.2-lts.tgz",
      "integrity": "sha512-Uk8vA3poN2daae3TMDi+lAUYhqIDHfdICm797oOy5U5w5TMxxShwFlP9jnrD/mMv240jjGdh3RuIIVIS+TXvTw==",
      "dependencies": {
        "tslib": "^2.3.0"
      },
      "peerDependencies": {
        "@angular/common": "^13.0.0",
        "@angular/core": "^13.0.0",
        "@angular/forms": "^13.0.0",
        "primeicons": "^5.0.0",
        "rxjs": "^6.0.0 || ^7.0.0",
        "zone.js": "^0.10.2 || ^0.11.0"
      }
    },
    "node_modules/rxjs": {
      "version": "7.8.0",
      "resolved": "https://registry.npmjs.org/rxjs/-/rxjs-7.8.0.tgz",
      "integrity": "sha512-F2+gxDshqmIub1KdvZkaEfGDwLNpPvk9Fs6LD/MyQxNgMds/WH9OdDDXOmxUZpME+iSK3rQCctkL0DYyytUqMg==",
      "peer": true,
      "dependencies": {
        "tslib": "^2.1.0"
      }
    },
    "node_modules/tslib": {
      "version": "2.5.0",
      "resolved": "https://registry.npmjs.org/tslib/-/tslib-2.5.0.tgz",
      "integrity": "sha512-336iVw3rtn2BUK7ORdIAHTyxHGRIHVReokCR3XjbckJMK7ms8FysBfhLR8IXnAgy7T0PTPNBWKiH514FOW/WSg=="
    },
    "node_modules/zone.js": {
      "version": "0.11.8",
      "resolved": "https://registry.npmjs.org/zone.js/-/zone.js-0.11.8.tgz",
      "integrity": "sha512-82bctBg2hKcEJ21humWIkXRlLBBmrc3nN7DFh5LGGhcyycO2S7FN8NmdvlcKaGFDNVL4/9kFLmwmInTavdJERA==",
      "peer": true,
      "dependencies": {
        "tslib": "^2.3.0"
      }
    }
  },
  "dependencies": {
    "@angular/common": {
      "version": "13.4.0",
      "resolved": "https://registry.npmjs.org/@angular/common/-/common-13.4.0.tgz",
      "integrity": "sha512-DHbPqRaxW7GmnkxqZaaasgC5OaFTeTBrmr7MJUsqsSGePHWuJYWU4QS3Fn86zd/VESJgBGmq2aCDEUmzfjnRQA==",
      "peer": true,
      "requires": {
        "tslib": "^2.3.0"
      }
    },
    "@angular/core": {
      "version": "13.4.0",
      "resolved": "https://registry.npmjs.org/@angular/core/-/core-13.4.0.tgz",
      "integrity": "sha512-RE9KL7pRj+3lkJjdSR2uKmqiG0gqjnoVCMbSLG93pWrmzNIhElmlkiDaK39aMHGl836dc68Usv9CEisyVnRqHQ==",
      "peer": true,
      "requires": {
        "tslib": "^2.3.0"
      }
    },
    "@angular/forms": {
      "version": "13.4.0",
      "resolved": "https://registry.npmjs.org/@angular/forms/-/forms-13.4.0.tgz",
      "integrity": "sha512-vWd438sPlESLAv+cPFEZwF5aa8cF9Gt9zofLe3Ep9v9YIv2naVkv7pxCu0KFyvbBHAT7THbZfyypuvYsYNI3rw==",
      "peer": true,
      "requires": {
        "tslib": "^2.3.0"
      }
    },
    "@angular/platform-browser": {
      "version": "13.4.0",
      "resolved": "https://registry.npmjs.org/@angular/platform-browser/-/platform-browser-13.4.0.tgz",
      "integrity": "sha512-kq4TpdkSS0Z/7ToFzWhyBbh4Ai1uOKFVdL9/TAm19dLnYNIInrN3KYW6GRxZ+pkJJA9Vkq4NtgcxysQ42VFotA==",
      "peer": true,
      "requires": {
        "tslib": "^2.3.0"
      }
    },
    "@popperjs/core": {
      "version": "2.11.7",
      "resolved": "https://registry.npmjs.org/@popperjs/core/-/core-2.11.7.tgz",
      "integrity": "sha512-Cr4OjIkipTtcXKjAsm8agyleBuDHvxzeBoa1v543lbv1YaIwQjESsVcmjiWiPEbC1FIeHOG/Op9kdCmAmiS3Kw==",
      "peer": true
    },
    "bootstrap": {
      "version": "5.2.3",
      "resolved": "https://registry.npmjs.org/bootstrap/-/bootstrap-5.2.3.tgz",
      "integrity": "sha512-cEKPM+fwb3cT8NzQZYEu4HilJ3anCrWqh3CHAok1p9jXqMPsPTBhU25fBckEJHJ/p+tTxTFTsFQGM+gaHpi3QQ==",
      "requires": {}
    },
    "primeicons": {
      "version": "5.0.0",
      "resolved": "https://registry.npmjs.org/primeicons/-/primeicons-5.0.0.tgz",
      "integrity": "sha512-heygWF0X5HFI1otlZE62pp6ye7sZ8om78J9au2BRkg8O7Y8AHTZ9qKMRzchZUHLe8zUAvdi6hZzzm9XxgwIExw==",
      "peer": true
    },
    "primeng": {
      "version": "13.4.2-lts",
      "resolved": "https://registry.npmjs.org/primeng/-/primeng-13.4.2-lts.tgz",
      "integrity": "sha512-Uk8vA3poN2daae3TMDi+lAUYhqIDHfdICm797oOy5U5w5TMxxShwFlP9jnrD/mMv240jjGdh3RuIIVIS+TXvTw==",
      "requires": {
        "tslib": "^2.3.0"
      }
    },
    "rxjs": {
      "version": "7.8.0",
      "resolved": "https://registry.npmjs.org/rxjs/-/rxjs-7.8.0.tgz",
      "integrity": "sha512-F2+gxDshqmIub1KdvZkaEfGDwLNpPvk9Fs6LD/MyQxNgMds/WH9OdDDXOmxUZpME+iSK3rQCctkL0DYyytUqMg==",
      "peer": true,
      "requires": {
        "tslib": "^2.1.0"
      }
    },
    "tslib": {
      "version": "2.5.0",
      "resolved": "https://registry.npmjs.org/tslib/-/tslib-2.5.0.tgz",
      "integrity": "sha512-336iVw3rtn2BUK7ORdIAHTyxHGRIHVReokCR3XjbckJMK7ms8FysBfhLR8IXnAgy7T0PTPNBWKiH514FOW/WSg=="
    },
    "zone.js": {
      "version": "0.11.8",
      "resolved": "https://registry.npmjs.org/zone.js/-/zone.js-0.11.8.tgz",
      "integrity": "sha512-82bctBg2hKcEJ21humWIkXRlLBBmrc3nN7DFh5LGGhcyycO2S7FN8NmdvlcKaGFDNVL4/9kFLmwmInTavdJERA==",
      "peer": true,
      "requires": {
        "tslib": "^2.3.0"
      }
    }
  }
}
